// !$*UTF8*$!
{
	archiveVersion = 1;
	classes = {
	};
	objectVersion = 77;
	objects = {

/* Begin PBXContainerItemProxy section */
		DBE900CE2CDB76D3009A986A /* PBXContainerItemProxy */ = {
			isa = PBXContainerItemProxy;
			containerPortal = DBE900AE2CDB76CB009A986A /* Project object */;
			proxyType = 1;
			remoteGlobalIDString = DBE900B52CDB76CB009A986A;
			remoteInfo = "Voci di Corridoio";
		};
		DBE900D82CDB76D3009A986A /* PBXContainerItemProxy */ = {
			isa = PBXContainerItemProxy;
			containerPortal = DBE900AE2CDB76CB009A986A /* Project object */;
			proxyType = 1;
			remoteGlobalIDString = DBE900B52CDB76CB009A986A;
			remoteInfo = "Voci di Corridoio";
		};
/* End PBXContainerItemProxy section */

/* Begin PBXFileReference section */
		DBE900B62CDB76CB009A986A /* Voci di Corridoio.app */ = {isa = PBXFileReference; explicitFileType = wrapper.application; includeInIndex = 0; path = "Voci di Corridoio.app"; sourceTree = BUILT_PRODUCTS_DIR; };
		DBE900CD2CDB76D3009A986A /* Voci di CorridoioTests.xctest */ = {isa = PBXFileReference; explicitFileType = wrapper.cfbundle; includeInIndex = 0; path = "Voci di CorridoioTests.xctest"; sourceTree = BUILT_PRODUCTS_DIR; };
		DBE900D72CDB76D3009A986A /* Voci di CorridoioUITests.xctest */ = {isa = PBXFileReference; explicitFileType = wrapper.cfbundle; includeInIndex = 0; path = "Voci di CorridoioUITests.xctest"; sourceTree = BUILT_PRODUCTS_DIR; };
/* End PBXFileReference section */

/* Begin PBXFileSystemSynchronizedBuildFileExceptionSet section */
		DBE900DF2CDB76D3009A986A /* Exceptions for "Voci di Corridoio" folder in "Voci di Corridoio" target */ = {
			isa = PBXFileSystemSynchronizedBuildFileExceptionSet;
			membershipExceptions = (
				Info.plist,
			);
			target = DBE900B52CDB76CB009A986A /* Voci di Corridoio */;
		};
/* End PBXFileSystemSynchronizedBuildFileExceptionSet section */

/* Begin PBXFileSystemSynchronizedRootGroup section */
		DBE900B82CDB76CB009A986A /* Voci di Corridoio */ = {
			isa = PBXFileSystemSynchronizedRootGroup;
			exceptions = (
				DBE900DF2CDB76D3009A986A /* Exceptions for "Voci di Corridoio" folder in "Voci di Corridoio" target */,
			);
			path = "Voci di Corridoio";
			sourceTree = "<group>";
		};
		DBE900D02CDB76D3009A986A /* Voci di CorridoioTests */ = {
			isa = PBXFileSystemSynchronizedRootGroup;
			path = "Voci di CorridoioTests";
			sourceTree = "<group>";
		};
		DBE900DA2CDB76D3009A986A /* Voci di CorridoioUITests */ = {
			isa = PBXFileSystemSynchronizedRootGroup;
			path = "Voci di CorridoioUITests";
			sourceTree = "<group>";
		};
/* End PBXFileSystemSynchronizedRootGroup section */

/* Begin PBXFrameworksBuildPhase section */
		DBE900B32CDB76CB009A986A /* Frameworks */ = {
			isa = PBXFrameworksBuildPhase;
			buildActionMask = 2147483647;
			files = (
			);
			runOnlyForDeploymentPostprocessing = 0;
		};
		DBE900CA2CDB76D3009A986A /* Frameworks */ = {
			isa = PBXFrameworksBuildPhase;
			buildActionMask = 2147483647;
			files = (
			);
			runOnlyForDeploymentPostprocessing = 0;
		};
		DBE900D42CDB76D3009A986A /* Frameworks */ = {
			isa = PBXFrameworksBuildPhase;
			buildActionMask = 2147483647;
			files = (
			);
			runOnlyForDeploymentPostprocessing = 0;
		};
/* End PBXFrameworksBuildPhase section */

/* Begin PBXGroup section */
		DBE900AD2CDB76CB009A986A = {
			isa = PBXGroup;
			children = (
				DBE900B82CDB76CB009A986A /* Voci di Corridoio */,
				DBE900D02CDB76D3009A986A /* Voci di CorridoioTests */,
				DBE900DA2CDB76D3009A986A /* Voci di CorridoioUITests */,
				DBE900B72CDB76CB009A986A /* Products */,
			);
			sourceTree = "<group>";
		};
		DBE900B72CDB76CB009A986A /* Products */ = {
			isa = PBXGroup;
			children = (
				DBE900B62CDB76CB009A986A /* Voci di Corridoio.app */,
				DBE900CD2CDB76D3009A986A /* Voci di CorridoioTests.xctest */,
				DBE900D72CDB76D3009A986A /* Voci di CorridoioUITests.xctest */,
			);
			name = Products;
			sourceTree = "<group>";
		};
/* End PBXGroup section */

/* Begin PBXNativeTarget section */
		DBE900B52CDB76CB009A986A /* Voci di Corridoio */ = {
			isa = PBXNativeTarget;
			buildConfigurationList = DBE900E02CDB76D3009A986A /* Build configuration list for PBXNativeTarget "Voci di Corridoio" */;
			buildPhases = (
				DBE900B22CDB76CB009A986A /* Sources */,
				DBE900B32CDB76CB009A986A /* Frameworks */,
				DBE900B42CDB76CB009A986A /* Resources */,
			);
			buildRules = (
			);
			dependencies = (
			);
			fileSystemSynchronizedGroups = (
				DBE900B82CDB76CB009A986A /* Voci di Corridoio */,
			);
			name = "Voci di Corridoio";
			packageProductDependencies = (
			);
			productName = "Voci di Corridoio";
			productReference = DBE900B62CDB76CB009A986A /* Voci di Corridoio.app */;
			productType = "com.apple.product-type.application";
		};
		DBE900CC2CDB76D3009A986A /* Voci di CorridoioTests */ = {
			isa = PBXNativeTarget;
			buildConfigurationList = DBE900E52CDB76D3009A986A /* Build configuration list for PBXNativeTarget "Voci di CorridoioTests" */;
			buildPhases = (
				DBE900C92CDB76D3009A986A /* Sources */,
				DBE900CA2CDB76D3009A986A /* Frameworks */,
				DBE900CB2CDB76D3009A986A /* Resources */,
			);
			buildRules = (
			);
			dependencies = (
				DBE900CF2CDB76D3009A986A /* PBXTargetDependency */,
			);
			fileSystemSynchronizedGroups = (
				DBE900D02CDB76D3009A986A /* Voci di CorridoioTests */,
			);
			name = "Voci di CorridoioTests";
			packageProductDependencies = (
			);
			productName = "Voci di CorridoioTests";
			productReference = DBE900CD2CDB76D3009A986A /* Voci di CorridoioTests.xctest */;
			productType = "com.apple.product-type.bundle.unit-test";
		};
		DBE900D62CDB76D3009A986A /* Voci di CorridoioUITests */ = {
			isa = PBXNativeTarget;
			buildConfigurationList = DBE900E82CDB76D3009A986A /* Build configuration list for PBXNativeTarget "Voci di CorridoioUITests" */;
			buildPhases = (
				DBE900D32CDB76D3009A986A /* Sources */,
				DBE900D42CDB76D3009A986A /* Frameworks */,
				DBE900D52CDB76D3009A986A /* Resources */,
			);
			buildRules = (
			);
			dependencies = (
				DBE900D92CDB76D3009A986A /* PBXTargetDependency */,
			);
			fileSystemSynchronizedGroups = (
				DBE900DA2CDB76D3009A986A /* Voci di CorridoioUITests */,
			);
			name = "Voci di CorridoioUITests";
			packageProductDependencies = (
			);
			productName = "Voci di CorridoioUITests";
			productReference = DBE900D72CDB76D3009A986A /* Voci di CorridoioUITests.xctest */;
			productType = "com.apple.product-type.bundle.ui-testing";
		};
/* End PBXNativeTarget section */

/* Begin PBXProject section */
		DBE900AE2CDB76CB009A986A /* Project object */ = {
			isa = PBXProject;
			attributes = {
				BuildIndependentTargetsInParallel = 1;
				LastSwiftUpdateCheck = 1610;
				LastUpgradeCheck = 1610;
				TargetAttributes = {
					DBE900B52CDB76CB009A986A = {
						CreatedOnToolsVersion = 16.1;
					};
					DBE900CC2CDB76D3009A986A = {
						CreatedOnToolsVersion = 16.1;
						TestTargetID = DBE900B52CDB76CB009A986A;
					};
					DBE900D62CDB76D3009A986A = {
						CreatedOnToolsVersion = 16.1;
						TestTargetID = DBE900B52CDB76CB009A986A;
					};
				};
			};
			buildConfigurationList = DBE900B12CDB76CB009A986A /* Build configuration list for PBXProject "Voci di Corridoio" */;
			developmentRegion = en;
			hasScannedForEncodings = 0;
			knownRegions = (
				en,
				Base,
			);
			mainGroup = DBE900AD2CDB76CB009A986A;
			minimizedProjectReferenceProxies = 1;
			preferredProjectObjectVersion = 77;
			productRefGroup = DBE900B72CDB76CB009A986A /* Products */;
			projectDirPath = "";
			projectRoot = "";
			targets = (
				DBE900B52CDB76CB009A986A /* Voci di Corridoio */,
				DBE900CC2CDB76D3009A986A /* Voci di CorridoioTests */,
				DBE900D62CDB76D3009A986A /* Voci di CorridoioUITests */,
			);
		};
/* End PBXProject section */

/* Begin PBXResourcesBuildPhase section */
		DBE900B42CDB76CB009A986A /* Resources */ = {
			isa = PBXResourcesBuildPhase;
			buildActionMask = 2147483647;
			files = (
			);
			runOnlyForDeploymentPostprocessing = 0;
		};
		DBE900CB2CDB76D3009A986A /* Resources */ = {
			isa = PBXResourcesBuildPhase;
			buildActionMask = 2147483647;
			files = (
			);
			runOnlyForDeploymentPostprocessing = 0;
		};
		DBE900D52CDB76D3009A986A /* Resources */ = {
			isa = PBXResourcesBuildPhase;
			buildActionMask = 2147483647;
			files = (
			);
			runOnlyForDeploymentPostprocessing = 0;
		};
/* End PBXResourcesBuildPhase section */

/* Begin PBXSourcesBuildPhase section */
		DBE900B22CDB76CB009A986A /* Sources */ = {
			isa = PBXSourcesBuildPhase;
			buildActionMask = 2147483647;
			files = (
			);
			runOnlyForDeploymentPostprocessing = 0;
		};
		DBE900C92CDB76D3009A986A /* Sources */ = {
			isa = PBXSourcesBuildPhase;
			buildActionMask = 2147483647;
			files = (
			);
			runOnlyForDeploymentPostprocessing = 0;
		};
		DBE900D32CDB76D3009A986A /* Sources */ = {
			isa = PBXSourcesBuildPhase;
			buildActionMask = 2147483647;
			files = (
			);
			runOnlyForDeploymentPostprocessing = 0;
		};
/* End PBXSourcesBuildPhase section */

/* Begin PBXTargetDependency section */
		DBE900CF2CDB76D3009A986A /* PBXTargetDependency */ = {
			isa = PBXTargetDependency;
			target = DBE900B52CDB76CB009A986A /* Voci di Corridoio */;
			targetProxy = DBE900CE2CDB76D3009A986A /* PBXContainerItemProxy */;
		};
		DBE900D92CDB76D3009A986A /* PBXTargetDependency */ = {
			isa = PBXTargetDependency;
			target = DBE900B52CDB76CB009A986A /* Voci di Corridoio */;
			targetProxy = DBE900D82CDB76D3009A986A /* PBXContainerItemProxy */;
		};
/* End PBXTargetDependency section */

/* Begin XCBuildConfiguration section */
		DBE900E12CDB76D3009A986A /* Debug */ = {
			isa = XCBuildConfiguration;
			buildSettings = {
				ASSETCATALOG_COMPILER_APPICON_NAME = AppIcon;
				ASSETCATALOG_COMPILER_GLOBAL_ACCENT_COLOR_NAME = AccentColor;
				CODE_SIGN_ENTITLEMENTS = "Voci di Corridoio/Voci_di_Corridoio.entitlements";
				CODE_SIGN_IDENTITY = "Apple Development";
				CODE_SIGN_STYLE = Automatic;
				CURRENT_PROJECT_VERSION = 1;
				DEVELOPMENT_ASSET_PATHS = "\"Voci di Corridoio/Preview Content\"";
				DEVELOPMENT_TEAM = 35V38T2Y43;
				ENABLE_PREVIEWS = YES;
				GENERATE_INFOPLIST_FILE = YES;
				INFOPLIST_FILE = "Voci di Corridoio/Info.plist";
				INFOPLIST_KEY_CFBundleDisplayName = VDC;
				INFOPLIST_KEY_LSApplicationCategoryType = "public.app-category.education";
				INFOPLIST_KEY_UIApplicationSceneManifest_Generation = YES;
				INFOPLIST_KEY_UIApplicationSupportsIndirectInputEvents = YES;
				INFOPLIST_KEY_UILaunchScreen_Generation = YES;
				INFOPLIST_KEY_UISupportedInterfaceOrientations_iPad = "UIInterfaceOrientationPortrait UIInterfaceOrientationPortraitUpsideDown UIInterfaceOrientationLandscapeLeft UIInterfaceOrientationLandscapeRight";
				INFOPLIST_KEY_UISupportedInterfaceOrientations_iPhone = "UIInterfaceOrientationPortrait UIInterfaceOrientationLandscapeLeft UIInterfaceOrientationLandscapeRight";
				LD_RUNPATH_SEARCH_PATHS = (
					"$(inherited)",
					"@executable_path/Frameworks",
				);
				MARKETING_VERSION = 1.0;
				PRODUCT_BUNDLE_IDENTIFIER = "scuola.Voci-di-Corridoio";
				PRODUCT_NAME = "$(TARGET_NAME)";
				PROVISIONING_PROFILE_SPECIFIER = "";
				SWIFT_EMIT_LOC_STRINGS = YES;
				SWIFT_VERSION = 5.0;
				TARGETED_DEVICE_FAMILY = "1,2";
			};
			name = Debug;
		};
		DBE900E22CDB76D3009A986A /* Release */ = {
			isa = XCBuildConfiguration;
			buildSettings = {
				ASSETCATALOG_COMPILER_APPICON_NAME = AppIcon;
				ASSETCATALOG_COMPILER_GLOBAL_ACCENT_COLOR_NAME = AccentColor;
				CODE_SIGN_ENTITLEMENTS = "Voci di Corridoio/Voci_di_Corridoio.entitlements";
				CODE_SIGN_STYLE = Automatic;
				CURRENT_PROJECT_VERSION = 1;
				DEVELOPMENT_ASSET_PATHS = "\"Voci di Corridoio/Preview Content\"";
				DEVELOPMENT_TEAM = 35V38T2Y43;
				ENABLE_PREVIEWS = YES;
				GENERATE_INFOPLIST_FILE = YES;
				INFOPLIST_FILE = "Voci di Corridoio/Info.plist";
				INFOPLIST_KEY_CFBundleDisplayName = VDC;
				INFOPLIST_KEY_LSApplicationCategoryType = "public.app-category.education";
				INFOPLIST_KEY_UIApplicationSceneManifest_Generation = YES;
				INFOPLIST_KEY_UIApplicationSupportsIndirectInputEvents = YES;
				INFOPLIST_KEY_UILaunchScreen_Generation = YES;
				INFOPLIST_KEY_UISupportedInterfaceOrientations_iPad = "UIInterfaceOrientationPortrait UIInterfaceOrientationPortraitUpsideDown UIInterfaceOrientationLandscapeLeft UIInterfaceOrientationLandscapeRight";
				INFOPLIST_KEY_UISupportedInterfaceOrientations_iPhone = "UIInterfaceOrientationPortrait UIInterfaceOrientationLandscapeLeft UIInterfaceOrientationLandscapeRight";
				LD_RUNPATH_SEARCH_PATHS = (
					"$(inherited)",
					"@executable_path/Frameworks",
				);
				MARKETING_VERSION = 1.0;
				PRODUCT_BUNDLE_IDENTIFIER = "scuola.Voci-di-Corridoio";
				PRODUCT_NAME = "$(TARGET_NAME)";
				SWIFT_EMIT_LOC_STRINGS = YES;
				SWIFT_VERSION = 5.0;
				TARGETED_DEVICE_FAMILY = "1,2";
			};
			name = Release;
		};
		DBE900E32CDB76D3009A986A /* Debug */ = {
			isa = XCBuildConfiguration;
			buildSettings = {
				ALWAYS_SEARCH_USER_PATHS = NO;
				ASSETCATALOG_COMPILER_GENERATE_SWIFT_ASSET_SYMBOL_EXTENSIONS = YES;
				CLANG_ANALYZER_NONNULL = YES;
				CLANG_ANALYZER_NUMBER_OBJECT_CONVERSION = YES_AGGRESSIVE;
				CLANG_CXX_LANGUAGE_STANDARD = "gnu++20";
				CLANG_ENABLE_MODULES = YES;
				CLANG_ENABLE_OBJC_ARC = YES;
				CLANG_ENABLE_OBJC_WEAK = YES;
				CLANG_WARN_BLOCK_CAPTURE_AUTORELEASING = YES;
				CLANG_WARN_BOOL_CONVERSION = YES;
				CLANG_WARN_COMMA = YES;
				CLANG_WARN_CONSTANT_CONVERSION = YES;
				CLANG_WARN_DEPRECATED_OBJC_IMPLEMENTATIONS = YES;
				CLANG_WARN_DIRECT_OBJC_ISA_USAGE = YES_ERROR;
				CLANG_WARN_DOCUMENTATION_COMMENTS = YES;
				CLANG_WARN_EMPTY_BODY = YES;
				CLANG_WARN_ENUM_CONVERSION = YES;
				CLANG_WARN_INFINITE_RECURSION = YES;
				CLANG_WARN_INT_CONVERSION = YES;
				CLANG_WARN_NON_LITERAL_NULL_CONVERSION = YES;
				CLANG_WARN_OBJC_IMPLICIT_RETAIN_SELF = YES;
				CLANG_WARN_OBJC_LITERAL_CONVERSION = YES;
				CLANG_WARN_OBJC_ROOT_CLASS = YES_ERROR;
				CLANG_WARN_QUOTED_INCLUDE_IN_FRAMEWORK_HEADER = YES;
				CLANG_WARN_RANGE_LOOP_ANALYSIS = YES;
				CLANG_WARN_STRICT_PROTOTYPES = YES;
				CLANG_WARN_SUSPICIOUS_MOVE = YES;
				CLANG_WARN_UNGUARDED_AVAILABILITY = YES_AGGRESSIVE;
				CLANG_WARN_UNREACHABLE_CODE = YES;
				CLANG_WARN__DUPLICATE_METHOD_MATCH = YES;
				COPY_PHASE_STRIP = NO;
				DEBUG_INFORMATION_FORMAT = dwarf;
				ENABLE_STRICT_OBJC_MSGSEND = YES;
				ENABLE_TESTABILITY = YES;
				ENABLE_USER_SCRIPT_SANDBOXING = YES;
				GCC_C_LANGUAGE_STANDARD = gnu17;
				GCC_DYNAMIC_NO_PIC = NO;
				GCC_NO_COMMON_BLOCKS = YES;
				GCC_OPTIMIZATION_LEVEL = 0;
				GCC_PREPROCESSOR_DEFINITIONS = (
					"DEBUG=1",
					"$(inherited)",
				);
				GCC_WARN_64_TO_32_BIT_CONVERSION = YES;
				GCC_WARN_ABOUT_RETURN_TYPE = YES_ERROR;
				GCC_WARN_UNDECLARED_SELECTOR = YES;
				GCC_WARN_UNINITIALIZED_AUTOS = YES_AGGRESSIVE;
				GCC_WARN_UNUSED_FUNCTION = YES;
				GCC_WARN_UNUSED_VARIABLE = YES;
				IPHONEOS_DEPLOYMENT_TARGET = 18.1;
				LOCALIZATION_PREFERS_STRING_CATALOGS = YES;
				MTL_ENABLE_DEBUG_INFO = INCLUDE_SOURCE;
				MTL_FAST_MATH = YES;
				ONLY_ACTIVE_ARCH = YES;
				SDKROOT = iphoneos;
				SWIFT_ACTIVE_COMPILATION_CONDITIONS = "DEBUG $(inherited)";
				SWIFT_OPTIMIZATION_LEVEL = "-Onone";
			};
			name = Debug;
		};
		DBE900E42CDB76D3009A986A /* Release */ = {
			isa = XCBuildConfiguration;
			buildSettings = {
				ALWAYS_SEARCH_USER_PATHS = NO;
				ASSETCATALOG_COMPILER_GENERATE_SWIFT_ASSET_SYMBOL_EXTENSIONS = YES;
				CLANG_ANALYZER_NONNULL = YES;
				CLANG_ANALYZER_NUMBER_OBJECT_CONVERSION = YES_AGGRESSIVE;
				CLANG_CXX_LANGUAGE_STANDARD = "gnu++20";
				CLANG_ENABLE_MODULES = YES;
				CLANG_ENABLE_OBJC_ARC = YES;
				CLANG_ENABLE_OBJC_WEAK = YES;
				CLANG_WARN_BLOCK_CAPTURE_AUTORELEASING = YES;
				CLANG_WARN_BOOL_CONVERSION = YES;
				CLANG_WARN_COMMA = YES;
				CLANG_WARN_CONSTANT_CONVERSION = YES;
				CLANG_WARN_DEPRECATED_OBJC_IMPLEMENTATIONS = YES;
				CLANG_WARN_DIRECT_OBJC_ISA_USAGE = YES_ERROR;
				CLANG_WARN_DOCUMENTATION_COMMENTS = YES;
				CLANG_WARN_EMPTY_BODY = YES;
				CLANG_WARN_ENUM_CONVERSION = YES;
				CLANG_WARN_INFINITE_RECURSION = YES;
				CLANG_WARN_INT_CONVERSION = YES;
				CLANG_WARN_NON_LITERAL_NULL_CONVERSION = YES;
				CLANG_WARN_OBJC_IMPLICIT_RETAIN_SELF = YES;
				CLANG_WARN_OBJC_LITERAL_CONVERSION = YES;
				CLANG_WARN_OBJC_ROOT_CLASS = YES_ERROR;
				CLANG_WARN_QUOTED_INCLUDE_IN_FRAMEWORK_HEADER = YES;
				CLANG_WARN_RANGE_LOOP_ANALYSIS = YES;
				CLANG_WARN_STRICT_PROTOTYPES = YES;
				CLANG_WARN_SUSPICIOUS_MOVE = YES;
				CLANG_WARN_UNGUARDED_AVAILABILITY = YES_AGGRESSIVE;
				CLANG_WARN_UNREACHABLE_CODE = YES;
				CLANG_WARN__DUPLICATE_METHOD_MATCH = YES;
				COPY_PHASE_STRIP = NO;
				DEBUG_INFORMATION_FORMAT = "dwarf-with-dsym";
				ENABLE_NS_ASSERTIONS = NO;
				ENABLE_STRICT_OBJC_MSGSEND = YES;
				ENABLE_USER_SCRIPT_SANDBOXING = YES;
				GCC_C_LANGUAGE_STANDARD = gnu17;
				GCC_NO_COMMON_BLOCKS = YES;
				GCC_WARN_64_TO_32_BIT_CONVERSION = YES;
				GCC_WARN_ABOUT_RETURN_TYPE = YES_ERROR;
				GCC_WARN_UNDECLARED_SELECTOR = YES;
				GCC_WARN_UNINITIALIZED_AUTOS = YES_AGGRESSIVE;
				GCC_WARN_UNUSED_FUNCTION = YES;
				GCC_WARN_UNUSED_VARIABLE = YES;
				IPHONEOS_DEPLOYMENT_TARGET = 18.1;
				LOCALIZATION_PREFERS_STRING_CATALOGS = YES;
				MTL_ENABLE_DEBUG_INFO = NO;
				MTL_FAST_MATH = YES;
				SDKROOT = iphoneos;
				SWIFT_COMPILATION_MODE = wholemodule;
				VALIDATE_PRODUCT = YES;
			};
			name = Release;
		};
		DBE900E62CDB76D3009A986A /* Debug */ = {
			isa = XCBuildConfiguration;
			buildSettings = {
				BUNDLE_LOADER = "$(TEST_HOST)";
				CODE_SIGN_STYLE = Automatic;
				CURRENT_PROJECT_VERSION = 1;
				DEVELOPMENT_TEAM = 35V38T2Y43;
				GENERATE_INFOPLIST_FILE = YES;
				IPHONEOS_DEPLOYMENT_TARGET = 18.1;
				MARKETING_VERSION = 1.0;
				PRODUCT_BUNDLE_IDENTIFIER = "scuola.Voci-di-CorridoioTests";
				PRODUCT_NAME = "$(TARGET_NAME)";
				SWIFT_EMIT_LOC_STRINGS = NO;
				SWIFT_VERSION = 5.0;
				TARGETED_DEVICE_FAMILY = "1,2";
				TEST_HOST = "$(BUILT_PRODUCTS_DIR)/Voci di Corridoio.app/$(BUNDLE_EXECUTABLE_FOLDER_PATH)/Voci di Corridoio";
			};
			name = Debug;
		};
		DBE900E72CDB76D3009A986A /* Release */ = {
			isa = XCBuildConfiguration;
			buildSettings = {
				BUNDLE_LOADER = "$(TEST_HOST)";
				CODE_SIGN_STYLE = Automatic;
				CURRENT_PROJECT_VERSION = 1;
				DEVELOPMENT_TEAM = 35V38T2Y43;
				GENERATE_INFOPLIST_FILE = YES;
				IPHONEOS_DEPLOYMENT_TARGET = 18.1;
				MARKETING_VERSION = 1.0;
				PRODUCT_BUNDLE_IDENTIFIER = "scuola.Voci-di-CorridoioTests";
				PRODUCT_NAME = "$(TARGET_NAME)";
				SWIFT_EMIT_LOC_STRINGS = NO;
				SWIFT_VERSION = 5.0;
				TARGETED_DEVICE_FAMILY = "1,2";
				TEST_HOST = "$(BUILT_PRODUCTS_DIR)/Voci di Corridoio.app/$(BUNDLE_EXECUTABLE_FOLDER_PATH)/Voci di Corridoio";
			};
			name = Release;
		};
		DBE900E92CDB76D3009A986A /* Debug */ = {
			isa = XCBuildConfiguration;
			buildSettings = {
				CODE_SIGN_STYLE = Automatic;
				CURRENT_PROJECT_VERSION = 1;
				DEVELOPMENT_TEAM = 35V38T2Y43;
				GENERATE_INFOPLIST_FILE = YES;
				MARKETING_VERSION = 1.0;
				PRODUCT_BUNDLE_IDENTIFIER = "scuola.Voci-di-CorridoioUITests";
				PRODUCT_NAME = "$(TARGET_NAME)";
				SWIFT_EMIT_LOC_STRINGS = NO;
				SWIFT_VERSION = 5.0;
				TARGETED_DEVICE_FAMILY = "1,2";
				TEST_TARGET_NAME = "Voci di Corridoio";
			};
			name = Debug;
		};
		DBE900EA2CDB76D3009A986A /* Release */ = {
			isa = XCBuildConfiguration;
			buildSettings = {
				CODE_SIGN_STYLE = Automatic;
				CURRENT_PROJECT_VERSION = 1;
				DEVELOPMENT_TEAM = 35V38T2Y43;
				GENERATE_INFOPLIST_FILE = YES;
				MARKETING_VERSION = 1.0;
				PRODUCT_BUNDLE_IDENTIFIER = "scuola.Voci-di-CorridoioUITests";
				PRODUCT_NAME = "$(TARGET_NAME)";
				SWIFT_EMIT_LOC_STRINGS = NO;
				SWIFT_VERSION = 5.0;
				TARGETED_DEVICE_FAMILY = "1,2";
				TEST_TARGET_NAME = "Voci di Corridoio";
			};
			name = Release;
		};
/* End XCBuildConfiguration section */

/* Begin XCConfigurationList section */
		DBE900B12CDB76CB009A986A /* Build configuration list for PBXProject "Voci di Corridoio" */ = {
			isa = XCConfigurationList;
			buildConfigurations = (
				DBE900E32CDB76D3009A986A /* Debug */,
				DBE900E42CDB76D3009A986A /* Release */,
			);
			defaultConfigurationIsVisible = 0;
			defaultConfigurationName = Release;
		};
		DBE900E02CDB76D3009A986A /* Build configuration list for PBXNativeTarget "Voci di Corridoio" */ = {
			isa = XCConfigurationList;
			buildConfigurations = (
				DBE900E12CDB76D3009A986A /* Debug */,
				DBE900E22CDB76D3009A986A /* Release */,
			);
			defaultConfigurationIsVisible = 0;
			defaultConfigurationName = Release;
		};
		DBE900E52CDB76D3009A986A /* Build configuration list for PBXNativeTarget "Voci di CorridoioTests" */ = {
			isa = XCConfigurationList;
			buildConfigurations = (
				DBE900E62CDB76D3009A986A /* Debug */,
				DBE900E72CDB76D3009A986A /* Release */,
			);
			defaultConfigurationIsVisible = 0;
			defaultConfigurationName = Release;
		};
		DBE900E82CDB76D3009A986A /* Build configuration list for PBXNativeTarget "Voci di CorridoioUITests" */ = {
			isa = XCConfigurationList;
			buildConfigurations = (
				DBE900E92CDB76D3009A986A /* Debug */,
				DBE900EA2CDB76D3009A986A /* Release */,
			);
			defaultConfigurationIsVisible = 0;
			defaultConfigurationName = Release;
		};
/* End XCConfigurationList section */
	};
	rootObject = DBE900AE2CDB76CB009A986A /* Project object */;
}
